# This file is autogenerated, do not edit; changes may be undone by the next 'dep ensure'.


[[projects]]
  branch = "master"
  name = "github.com/lib/pq"
  packages = [
    ".",
    "oid"
  ]
  revision = "90697d60dd844d5ef6ff15135d0203f65d2f53b8"

[[projects]]
  branch = "master"
  name = "github.com/streadway/amqp"
  packages = ["."]
  revision = "8e4aba63da9fc5571e01c6a45dc809a58cbc5a68"

[solve-meta]
  analyzer-name = "dep"
  analyzer-version = 1
  inputs-digest = "b55773f997819ceec07d27cefb9d160f77c0401161c95e2148660e458f3e8f52"
  solver-name = "gps-cdcl"
  solver-version = 1
